
Microsoft Visual Studio Solution File, Format Version 12.00
# Visual Studio Version 17
VisualStudioVersion = 17.13.35825.156 d17.13
MinimumVisualStudioVersion = 10.0.40219.1
Project("{FAE04EC0-301F-11D3-BF4B-00C04F79EFBC}") = "LibraryTracking", "LibraryTracking\LibraryTracking.csproj", "{454FCDCA-772E-4B57-90D6-05500F231CC1}"
EndProject
Global
	GlobalSection(SolutionConfigurationPlatforms) = preSolution
		Debug|Any CPU = Debug|Any CPU
		Release|Any CPU = Release|Any CPU
	EndGlobalSection
	GlobalSection(ProjectConfigurationPlatforms) = postSolution
		{454FCDCA-772E-4B57-90D6-05500F231CC1}.Debug|Any CPU.ActiveCfg = Debug|Any CPU
		{454FCDCA-772E-4B57-90D6-05500F231CC1}.Debug|Any CPU.Build.0 = Debug|Any CPU
		{454FCDCA-772E-4B57-90D6-05500F231CC1}.Release|Any CPU.ActiveCfg = Release|Any CPU
		{454FCDCA-772E-4B57-90D6-05500F231CC1}.Release|Any CPU.Build.0 = Release|Any CPU
	EndGlobalSection
	GlobalSection(SolutionProperties) = preSolution
		HideSolutionNode = FALSE
	EndGlobalSection
	GlobalSection(ExtensibilityGlobals) = postSolution
		SolutionGuid = {6D247227-577E-43C8-9E16-23C368ECC64A}
	EndGlobalSection
EndGlobal
